
Microsoft Visual Studio Solution File, Format Version 12.00
# Visual Studio Version 17
VisualStudioVersion = 17.0.31521.260
MinimumVisualStudioVersion = 10.0.40219.1
Project("{FAE04EC0-301F-11D3-BF4B-00C04F79EFBC}") = "AzureFunctionTriggerBlogStorage", "AzureFunctionTriggerBlogStorage\AzureFunctionTriggerBlogStorage.csproj", "{2E2A0060-9DCC-478C-80BE-9E3677B8DDAE}"
EndProject
Global
	GlobalSection(SolutionConfigurationPlatforms) = preSolution
		Debug|Any CPU = Debug|Any CPU
		Release|Any CPU = Release|Any CPU
	EndGlobalSection
	GlobalSection(ProjectConfigurationPlatforms) = postSolution
		{2E2A0060-9DCC-478C-80BE-9E3677B8DDAE}.Debug|Any CPU.ActiveCfg = Debug|Any CPU
		{2E2A0060-9DCC-478C-80BE-9E3677B8DDAE}.Debug|Any CPU.Build.0 = Debug|Any CPU
		{2E2A0060-9DCC-478C-80BE-9E3677B8DDAE}.Release|Any CPU.ActiveCfg = Release|Any CPU
		{2E2A0060-9DCC-478C-80BE-9E3677B8DDAE}.Release|Any CPU.Build.0 = Release|Any CPU
	EndGlobalSection
	GlobalSection(SolutionProperties) = preSolution
		HideSolutionNode = FALSE
	EndGlobalSection
	GlobalSection(ExtensibilityGlobals) = postSolution
		SolutionGuid = {87CD8385-D687-4B44-A7E0-FF360D2F4D6A}
	EndGlobalSection
EndGlobal
